
Microsoft Visual Studio Solution File, Format Version 12.00
# Visual Studio 15
VisualStudioVersion = 15.0.28010.2041
MinimumVisualStudioVersion = 10.0.40219.1
Project("{FAE04EC0-301F-11D3-BF4B-00C04F79EFBC}") = "UnitTest", "UnitTest\UnitTest.csproj", "{9D9CA31D-C06E-4B7E-877A-A62B857BAFE9}"
EndProject
Project("{FAE04EC0-301F-11D3-BF4B-00C04F79EFBC}") = "Logic", "Logic\Logic.csproj", "{28254930-A865-40F0-ACDE-C988C2A35C85}"
EndProject
Project("{FAE04EC0-301F-11D3-BF4B-00C04F79EFBC}") = "Tracer", "Tracer\Tracer.csproj", "{D9F27D92-09DB-4A8B-A30D-521B667D963D}"
EndProject
Project("{9A19103F-16F7-4668-BE54-9A1E7A4F7556}") = "ExampleDLL", "ExampleDLL\ExampleDLL.csproj", "{0F511544-381E-46A6-B553-573D19B9C616}"
EndProject
Project("{FAE04EC0-301F-11D3-BF4B-00C04F79EFBC}") = "TUI", "TUI2\TUI.csproj", "{F443CAD8-1180-41E4-9BE4-3C5BE7A288D2}"
EndProject
Project("{FAE04EC0-301F-11D3-BF4B-00C04F79EFBC}") = "ViewModel", "ViewModel\ViewModel.csproj", "{2CEB5E7C-F0B3-4AF4-A8F0-B13C74D93550}"
EndProject
Project("{FAE04EC0-301F-11D3-BF4B-00C04F79EFBC}") = "View", "View\View.csproj", "{BD504D6B-24E8-481E-819B-FABEBCE38B22}"
EndProject
Project("{FAE04EC0-301F-11D3-BF4B-00C04F79EFBC}") = "Serialization", "Serialization\Serialization.csproj", "{A5F8BE72-F46B-4138-8E10-C2A0F380C850}"
EndProject
Project("{FAE04EC0-301F-11D3-BF4B-00C04F79EFBC}") = "SerializationTests", "SerializationTests\SerializationTests.csproj", "{66F76170-AFC3-4F10-BD8F-17D272802C8F}"
EndProject
Project("{FAE04EC0-301F-11D3-BF4B-00C04F79EFBC}") = "MEF", "MEF\MEF.csproj", "{7495C734-222E-4473-AEA8-86BAD47C1795}"
EndProject
Project("{2150E333-8FDC-42A3-9474-1A3956D46DE8}") = "Presentation", "Presentation", "{DAFC4927-D009-4E57-BCE4-32F780ACF960}"
EndProject
Project("{2150E333-8FDC-42A3-9474-1A3956D46DE8}") = "Application", "Application", "{AE55FDE9-3CDB-452B-84A3-904D69193948}"
EndProject
Project("{2150E333-8FDC-42A3-9474-1A3956D46DE8}") = "Data", "Data", "{860B6ED1-95C7-4990-B001-C3AEEA5F715A}"
EndProject
Project("{2150E333-8FDC-42A3-9474-1A3956D46DE8}") = "Common", "Common", "{62E2E28C-E76E-4609-A2CA-3C22C05C89F7}"
EndProject
Project("{2150E333-8FDC-42A3-9474-1A3956D46DE8}") = "Test", "Test", "{998A77A8-0B65-409B-9DB3-7C27A1627463}"
EndProject
Project("{FAE04EC0-301F-11D3-BF4B-00C04F79EFBC}") = "DTOBase", "DTOBase\DTOBase.csproj", "{E0ED691E-3FA2-439F-B909-29E7298BFD88}"
EndProject
Project("{FAE04EC0-301F-11D3-BF4B-00C04F79EFBC}") = "Database", "Database\Database.csproj", "{CAE516C7-5AD6-4470-8656-A41C9005769E}"
EndProject
Global
	GlobalSection(SolutionConfigurationPlatforms) = preSolution
		Debug|Any CPU = Debug|Any CPU
		Release|Any CPU = Release|Any CPU
	EndGlobalSection
	GlobalSection(ProjectConfigurationPlatforms) = postSolution
		{9D9CA31D-C06E-4B7E-877A-A62B857BAFE9}.Debug|Any CPU.ActiveCfg = Debug|Any CPU
		{9D9CA31D-C06E-4B7E-877A-A62B857BAFE9}.Debug|Any CPU.Build.0 = Debug|Any CPU
		{9D9CA31D-C06E-4B7E-877A-A62B857BAFE9}.Release|Any CPU.ActiveCfg = Release|Any CPU
		{9D9CA31D-C06E-4B7E-877A-A62B857BAFE9}.Release|Any CPU.Build.0 = Release|Any CPU
		{28254930-A865-40F0-ACDE-C988C2A35C85}.Debug|Any CPU.ActiveCfg = Debug|Any CPU
		{28254930-A865-40F0-ACDE-C988C2A35C85}.Debug|Any CPU.Build.0 = Debug|Any CPU
		{28254930-A865-40F0-ACDE-C988C2A35C85}.Release|Any CPU.ActiveCfg = Release|Any CPU
		{28254930-A865-40F0-ACDE-C988C2A35C85}.Release|Any CPU.Build.0 = Release|Any CPU
		{D9F27D92-09DB-4A8B-A30D-521B667D963D}.Debug|Any CPU.ActiveCfg = Debug|Any CPU
		{D9F27D92-09DB-4A8B-A30D-521B667D963D}.Debug|Any CPU.Build.0 = Debug|Any CPU
		{D9F27D92-09DB-4A8B-A30D-521B667D963D}.Release|Any CPU.ActiveCfg = Release|Any CPU
		{D9F27D92-09DB-4A8B-A30D-521B667D963D}.Release|Any CPU.Build.0 = Release|Any CPU
		{0F511544-381E-46A6-B553-573D19B9C616}.Debug|Any CPU.ActiveCfg = Debug|Any CPU
		{0F511544-381E-46A6-B553-573D19B9C616}.Debug|Any CPU.Build.0 = Debug|Any CPU
		{0F511544-381E-46A6-B553-573D19B9C616}.Release|Any CPU.ActiveCfg = Release|Any CPU
		{0F511544-381E-46A6-B553-573D19B9C616}.Release|Any CPU.Build.0 = Release|Any CPU
		{F443CAD8-1180-41E4-9BE4-3C5BE7A288D2}.Debug|Any CPU.ActiveCfg = Debug|Any CPU
		{F443CAD8-1180-41E4-9BE4-3C5BE7A288D2}.Debug|Any CPU.Build.0 = Debug|Any CPU
		{F443CAD8-1180-41E4-9BE4-3C5BE7A288D2}.Release|Any CPU.ActiveCfg = Release|Any CPU
		{F443CAD8-1180-41E4-9BE4-3C5BE7A288D2}.Release|Any CPU.Build.0 = Release|Any CPU
		{2CEB5E7C-F0B3-4AF4-A8F0-B13C74D93550}.Debug|Any CPU.ActiveCfg = Debug|Any CPU
		{2CEB5E7C-F0B3-4AF4-A8F0-B13C74D93550}.Debug|Any CPU.Build.0 = Debug|Any CPU
		{2CEB5E7C-F0B3-4AF4-A8F0-B13C74D93550}.Release|Any CPU.ActiveCfg = Release|Any CPU
		{2CEB5E7C-F0B3-4AF4-A8F0-B13C74D93550}.Release|Any CPU.Build.0 = Release|Any CPU
		{BD504D6B-24E8-481E-819B-FABEBCE38B22}.Debug|Any CPU.ActiveCfg = Debug|Any CPU
		{BD504D6B-24E8-481E-819B-FABEBCE38B22}.Debug|Any CPU.Build.0 = Debug|Any CPU
		{BD504D6B-24E8-481E-819B-FABEBCE38B22}.Release|Any CPU.ActiveCfg = Release|Any CPU
		{BD504D6B-24E8-481E-819B-FABEBCE38B22}.Release|Any CPU.Build.0 = Release|Any CPU
		{A5F8BE72-F46B-4138-8E10-C2A0F380C850}.Debug|Any CPU.ActiveCfg = Debug|Any CPU
		{A5F8BE72-F46B-4138-8E10-C2A0F380C850}.Debug|Any CPU.Build.0 = Debug|Any CPU
		{A5F8BE72-F46B-4138-8E10-C2A0F380C850}.Release|Any CPU.ActiveCfg = Release|Any CPU
		{A5F8BE72-F46B-4138-8E10-C2A0F380C850}.Release|Any CPU.Build.0 = Release|Any CPU
		{66F76170-AFC3-4F10-BD8F-17D272802C8F}.Debug|Any CPU.ActiveCfg = Debug|Any CPU
		{66F76170-AFC3-4F10-BD8F-17D272802C8F}.Debug|Any CPU.Build.0 = Debug|Any CPU
		{66F76170-AFC3-4F10-BD8F-17D272802C8F}.Release|Any CPU.ActiveCfg = Release|Any CPU
		{66F76170-AFC3-4F10-BD8F-17D272802C8F}.Release|Any CPU.Build.0 = Release|Any CPU
		{7495C734-222E-4473-AEA8-86BAD47C1795}.Debug|Any CPU.ActiveCfg = Debug|Any CPU
		{7495C734-222E-4473-AEA8-86BAD47C1795}.Debug|Any CPU.Build.0 = Debug|Any CPU
		{7495C734-222E-4473-AEA8-86BAD47C1795}.Release|Any CPU.ActiveCfg = Release|Any CPU
		{7495C734-222E-4473-AEA8-86BAD47C1795}.Release|Any CPU.Build.0 = Release|Any CPU
		{E0ED691E-3FA2-439F-B909-29E7298BFD88}.Debug|Any CPU.ActiveCfg = Debug|Any CPU
		{E0ED691E-3FA2-439F-B909-29E7298BFD88}.Debug|Any CPU.Build.0 = Debug|Any CPU
		{E0ED691E-3FA2-439F-B909-29E7298BFD88}.Release|Any CPU.ActiveCfg = Release|Any CPU
		{E0ED691E-3FA2-439F-B909-29E7298BFD88}.Release|Any CPU.Build.0 = Release|Any CPU
		{CAE516C7-5AD6-4470-8656-A41C9005769E}.Debug|Any CPU.ActiveCfg = Debug|Any CPU
		{CAE516C7-5AD6-4470-8656-A41C9005769E}.Debug|Any CPU.Build.0 = Debug|Any CPU
		{CAE516C7-5AD6-4470-8656-A41C9005769E}.Release|Any CPU.ActiveCfg = Release|Any CPU
		{CAE516C7-5AD6-4470-8656-A41C9005769E}.Release|Any CPU.Build.0 = Release|Any CPU
	EndGlobalSection
	GlobalSection(SolutionProperties) = preSolution
		HideSolutionNode = FALSE
	EndGlobalSection
	GlobalSection(NestedProjects) = preSolution
		{9D9CA31D-C06E-4B7E-877A-A62B857BAFE9} = {998A77A8-0B65-409B-9DB3-7C27A1627463}
		{28254930-A865-40F0-ACDE-C988C2A35C85} = {AE55FDE9-3CDB-452B-84A3-904D69193948}
		{D9F27D92-09DB-4A8B-A30D-521B667D963D} = {62E2E28C-E76E-4609-A2CA-3C22C05C89F7}
		{0F511544-381E-46A6-B553-573D19B9C616} = {998A77A8-0B65-409B-9DB3-7C27A1627463}
		{F443CAD8-1180-41E4-9BE4-3C5BE7A288D2} = {DAFC4927-D009-4E57-BCE4-32F780ACF960}
		{2CEB5E7C-F0B3-4AF4-A8F0-B13C74D93550} = {DAFC4927-D009-4E57-BCE4-32F780ACF960}
		{BD504D6B-24E8-481E-819B-FABEBCE38B22} = {DAFC4927-D009-4E57-BCE4-32F780ACF960}
		{A5F8BE72-F46B-4138-8E10-C2A0F380C850} = {860B6ED1-95C7-4990-B001-C3AEEA5F715A}
		{66F76170-AFC3-4F10-BD8F-17D272802C8F} = {998A77A8-0B65-409B-9DB3-7C27A1627463}
		{7495C734-222E-4473-AEA8-86BAD47C1795} = {62E2E28C-E76E-4609-A2CA-3C22C05C89F7}
		{E0ED691E-3FA2-439F-B909-29E7298BFD88} = {860B6ED1-95C7-4990-B001-C3AEEA5F715A}
		{CAE516C7-5AD6-4470-8656-A41C9005769E} = {860B6ED1-95C7-4990-B001-C3AEEA5F715A}
	EndGlobalSection
	GlobalSection(ExtensibilityGlobals) = postSolution
		SolutionGuid = {749C2ACA-7557-419F-9E88-ED373E80DD8E}
	EndGlobalSection
EndGlobal
